# @generated - this file is auto-generated by `mise lock` https://mise.jdx.dev/dev-tools/mise-lock.html

[[tools."aqua:neovim/neovim"]]
version = "0.12.0"
backend = "aqua:neovim/neovim"

[tools."aqua:neovim/neovim"."platforms.linux-x64"]
checksum = "sha256:160b69125defb16e60b283b69be112fd4850d67ac8f9a752328c20ad43ec34af"
url = "https://github.com/neovim/neovim/releases/download/v0.12.0/nvim-linux-x86_64.tar.gz"
url_api = "https://api.github.com/repos/neovim/neovim/releases/assets/384125167"

[tools."aqua:neovim/neovim"."platforms.linux-x64-baseline"]
checksum = "sha256:160b69125defb16e60b283b69be112fd4850d67ac8f9a752328c20ad43ec34af"
url = "https://github.com/neovim/neovim/releases/download/v0.12.0/nvim-linux-x86_64.tar.gz"
url_api = "https://api.github.com/repos/neovim/neovim/releases/assets/384125167"

[tools."aqua:neovim/neovim"."platforms.linux-x64-musl"]
checksum = "sha256:160b69125defb16e60b283b69be112fd4850d67ac8f9a752328c20ad43ec34af"
url = "https://github.com/neovim/neovim/releases/download/v0.12.0/nvim-linux-x86_64.tar.gz"
url_api = "https://api.github.com/repos/neovim/neovim/releases/assets/384125167"

[tools."aqua:neovim/neovim"."platforms.linux-x64-musl-baseline"]
checksum = "sha256:160b69125defb16e60b283b69be112fd4850d67ac8f9a752328c20ad43ec34af"
url = "https://github.com/neovim/neovim/releases/download/v0.12.0/nvim-linux-x86_64.tar.gz"
url_api = "https://api.github.com/repos/neovim/neovim/releases/assets/384125167"

[tools."aqua:neovim/neovim"."platforms.macos-arm64"]
checksum = "sha256:cf0137d6961785c34926f879b7a5b5fa0371ab0d6e2959e390e2f00b46165ce9"
url = "https://github.com/neovim/neovim/releases/download/v0.12.0/nvim-macos-arm64.tar.gz"
url_api = "https://api.github.com/repos/neovim/neovim/releases/assets/384125165"

[[tools.bat]]
version = "0.26.1"
backend = "aqua:sharkdp/bat"

[tools.bat."platforms.linux-x64"]
checksum = "sha256:0dcd8ac79732c0d5b136f11f4ee00e581440e16a44eab5b3105b611bbf2cf191"
url = "https://github.com/sharkdp/bat/releases/download/v0.26.1/bat-v0.26.1-x86_64-unknown-linux-musl.tar.gz"
url_api = "https://api.github.com/repos/sharkdp/bat/releases/assets/323549429"

[tools.bat."platforms.linux-x64-baseline"]
checksum = "sha256:0dcd8ac79732c0d5b136f11f4ee00e581440e16a44eab5b3105b611bbf2cf191"
url = "https://github.com/sharkdp/bat/releases/download/v0.26.1/bat-v0.26.1-x86_64-unknown-linux-musl.tar.gz"
url_api = "https://api.github.com/repos/sharkdp/bat/releases/assets/323549429"

[tools.bat."platforms.linux-x64-musl"]
checksum = "sha256:0dcd8ac79732c0d5b136f11f4ee00e581440e16a44eab5b3105b611bbf2cf191"
url = "https://github.com/sharkdp/bat/releases/download/v0.26.1/bat-v0.26.1-x86_64-unknown-linux-musl.tar.gz"
url_api = "https://api.github.com/repos/sharkdp/bat/releases/assets/323549429"

[tools.bat."platforms.linux-x64-musl-baseline"]
checksum = "sha256:0dcd8ac79732c0d5b136f11f4ee00e581440e16a44eab5b3105b611bbf2cf191"
url = "https://github.com/sharkdp/bat/releases/download/v0.26.1/bat-v0.26.1-x86_64-unknown-linux-musl.tar.gz"
url_api = "https://api.github.com/repos/sharkdp/bat/releases/assets/323549429"

[tools.bat."platforms.macos-arm64"]
checksum = "sha256:e30beff26779c9bf60bb541e1d79046250cb74378f2757f8eb250afddb19e114"
url = "https://github.com/sharkdp/bat/releases/download/v0.26.1/bat-v0.26.1-aarch64-apple-darwin.tar.gz"
url_api = "https://api.github.com/repos/sharkdp/bat/releases/assets/323548442"

[[tools.bun]]
version = "1.3.14"
backend = "core:bun"

[tools.bun."platforms.linux-x64"]
checksum = "sha256:951ee2aee855f08595aeec6225226a298d3fea83a3dcd6465c09cbccdf7e848f"
url = "https://github.com/oven-sh/bun/releases/download/bun-v1.3.14/bun-linux-x64.zip"

[tools.bun."platforms.linux-x64-baseline"]
checksum = "sha256:a063908ae08b7852ca10939bbdc6ceed3ddabce8fb9402dce83d65d73b36e6c7"
url = "https://github.com/oven-sh/bun/releases/download/bun-v1.3.14/bun-linux-x64-baseline.zip"

[tools.bun."platforms.linux-x64-musl"]
checksum = "sha256:14bd9aedeebf1dba67e8def9531c89bc989ecfdf1de42e5bfcaf1b8cd9294719"
url = "https://github.com/oven-sh/bun/releases/download/bun-v1.3.14/bun-linux-x64-musl.zip"

[tools.bun."platforms.linux-x64-musl-baseline"]
checksum = "sha256:56a7d6806cf155536c0178f0ea5fbd098e684fa509ebdb4fc0a7e19fb65382dc"
url = "https://github.com/oven-sh/bun/releases/download/bun-v1.3.14/bun-linux-x64-musl-baseline.zip"

[tools.bun."platforms.macos-arm64"]
checksum = "sha256:d8b96221828ad6f97ac7ac0ab7e95872341af763001e8803e8267652c2652620"
url = "https://github.com/oven-sh/bun/releases/download/bun-v1.3.14/bun-darwin-aarch64.zip"

[[tools.delta]]
version = "0.18.2"
backend = "aqua:dandavison/delta"

[tools.delta."platforms.linux-x64"]
url = "https://github.com/dandavison/delta/releases/download/0.18.2/delta-0.18.2-x86_64-unknown-linux-musl.tar.gz"
url_api = "https://api.github.com/repos/dandavison/delta/releases/assets/191958583"

[tools.delta."platforms.linux-x64-baseline"]
url = "https://github.com/dandavison/delta/releases/download/0.18.2/delta-0.18.2-x86_64-unknown-linux-musl.tar.gz"
url_api = "https://api.github.com/repos/dandavison/delta/releases/assets/191958583"

[tools.delta."platforms.linux-x64-musl"]
url = "https://github.com/dandavison/delta/releases/download/0.18.2/delta-0.18.2-x86_64-unknown-linux-musl.tar.gz"
url_api = "https://api.github.com/repos/dandavison/delta/releases/assets/191958583"

[tools.delta."platforms.linux-x64-musl-baseline"]
url = "https://github.com/dandavison/delta/releases/download/0.18.2/delta-0.18.2-x86_64-unknown-linux-musl.tar.gz"
url_api = "https://api.github.com/repos/dandavison/delta/releases/assets/191958583"

[tools.delta."platforms.macos-arm64"]
url = "https://github.com/dandavison/delta/releases/download/0.18.2/delta-0.18.2-aarch64-apple-darwin.tar.gz"
url_api = "https://api.github.com/repos/dandavison/delta/releases/assets/191958441"

[[tools.eza]]
version = "0.23.4"
backend = "asdf:eza"

[[tools.fd]]
version = "10.3.0"
backend = "aqua:sharkdp/fd"

[tools.fd."platforms.linux-x64"]
checksum = "sha256:2b6bfaae8c48f12050813c2ffe1884c61ea26e750d803df9c9114550a314cd14"
url = "https://github.com/sharkdp/fd/releases/download/v10.3.0/fd-v10.3.0-x86_64-unknown-linux-musl.tar.gz"
url_api = "https://api.github.com/repos/sharkdp/fd/releases/assets/286314841"

[tools.fd."platforms.linux-x64-baseline"]
checksum = "sha256:2b6bfaae8c48f12050813c2ffe1884c61ea26e750d803df9c9114550a314cd14"
url = "https://github.com/sharkdp/fd/releases/download/v10.3.0/fd-v10.3.0-x86_64-unknown-linux-musl.tar.gz"
url_api = "https://api.github.com/repos/sharkdp/fd/releases/assets/286314841"

[tools.fd."platforms.linux-x64-musl"]
checksum = "sha256:2b6bfaae8c48f12050813c2ffe1884c61ea26e750d803df9c9114550a314cd14"
url = "https://github.com/sharkdp/fd/releases/download/v10.3.0/fd-v10.3.0-x86_64-unknown-linux-musl.tar.gz"
url_api = "https://api.github.com/repos/sharkdp/fd/releases/assets/286314841"

[tools.fd."platforms.linux-x64-musl-baseline"]
checksum = "sha256:2b6bfaae8c48f12050813c2ffe1884c61ea26e750d803df9c9114550a314cd14"
url = "https://github.com/sharkdp/fd/releases/download/v10.3.0/fd-v10.3.0-x86_64-unknown-linux-musl.tar.gz"
url_api = "https://api.github.com/repos/sharkdp/fd/releases/assets/286314841"

[tools.fd."platforms.macos-arm64"]
checksum = "sha256:0570263812089120bc2a5d84f9e65cd0c25e4a4d724c80075c357239c74ae904"
url = "https://github.com/sharkdp/fd/releases/download/v10.3.0/fd-v10.3.0-aarch64-apple-darwin.tar.gz"
url_api = "https://api.github.com/repos/sharkdp/fd/releases/assets/286314251"

[[tools.fx]]
version = "39.1.0"
backend = "aqua:antonmedv/fx"

[tools.fx."platforms.linux-x64"]
checksum = "sha256:ac926da2fbadeb0945ca568425ce5b35f3ea77a15b8edd8f21cdaadc7c41c263"
url = "https://github.com/antonmedv/fx/releases/download/39.1.0/fx_linux_amd64"
url_api = "https://api.github.com/repos/antonmedv/fx/releases/assets/290603971"

[tools.fx."platforms.linux-x64-baseline"]
checksum = "sha256:ac926da2fbadeb0945ca568425ce5b35f3ea77a15b8edd8f21cdaadc7c41c263"
url = "https://github.com/antonmedv/fx/releases/download/39.1.0/fx_linux_amd64"
url_api = "https://api.github.com/repos/antonmedv/fx/releases/assets/290603971"

[tools.fx."platforms.linux-x64-musl"]
checksum = "sha256:ac926da2fbadeb0945ca568425ce5b35f3ea77a15b8edd8f21cdaadc7c41c263"
url = "https://github.com/antonmedv/fx/releases/download/39.1.0/fx_linux_amd64"
url_api = "https://api.github.com/repos/antonmedv/fx/releases/assets/290603971"

[tools.fx."platforms.linux-x64-musl-baseline"]
checksum = "sha256:ac926da2fbadeb0945ca568425ce5b35f3ea77a15b8edd8f21cdaadc7c41c263"
url = "https://github.com/antonmedv/fx/releases/download/39.1.0/fx_linux_amd64"
url_api = "https://api.github.com/repos/antonmedv/fx/releases/assets/290603971"

[tools.fx."platforms.macos-arm64"]
checksum = "sha256:52242ad7fb55a46907c243dbe6dd67f84eb1acc33cf00ed430fde067a081751d"
url = "https://github.com/antonmedv/fx/releases/download/39.1.0/fx_darwin_arm64"
url_api = "https://api.github.com/repos/antonmedv/fx/releases/assets/290603968"

[[tools.fzf]]
version = "0.67.0"
backend = "aqua:junegunn/fzf"

[tools.fzf."platforms.linux-x64"]
checksum = "sha256:4be08018ca37b32518c608741933ea335a406de3558242b60619e98f25be2be1"
url = "https://github.com/junegunn/fzf/releases/download/v0.67.0/fzf-0.67.0-linux_amd64.tar.gz"
url_api = "https://api.github.com/repos/junegunn/fzf/releases/assets/317036590"

[tools.fzf."platforms.linux-x64-baseline"]
checksum = "sha256:4be08018ca37b32518c608741933ea335a406de3558242b60619e98f25be2be1"
url = "https://github.com/junegunn/fzf/releases/download/v0.67.0/fzf-0.67.0-linux_amd64.tar.gz"
url_api = "https://api.github.com/repos/junegunn/fzf/releases/assets/317036590"

[tools.fzf."platforms.linux-x64-musl"]
checksum = "sha256:4be08018ca37b32518c608741933ea335a406de3558242b60619e98f25be2be1"
url = "https://github.com/junegunn/fzf/releases/download/v0.67.0/fzf-0.67.0-linux_amd64.tar.gz"
url_api = "https://api.github.com/repos/junegunn/fzf/releases/assets/317036590"

[tools.fzf."platforms.linux-x64-musl-baseline"]
checksum = "sha256:4be08018ca37b32518c608741933ea335a406de3558242b60619e98f25be2be1"
url = "https://github.com/junegunn/fzf/releases/download/v0.67.0/fzf-0.67.0-linux_amd64.tar.gz"
url_api = "https://api.github.com/repos/junegunn/fzf/releases/assets/317036590"

[tools.fzf."platforms.macos-arm64"]
checksum = "sha256:b7f34c964d8e52c471c933cef8ec43dc71997c266cafafd1b013bed10fc229a1"
url = "https://github.com/junegunn/fzf/releases/download/v0.67.0/fzf-0.67.0-darwin_arm64.tar.gz"
url_api = "https://api.github.com/repos/junegunn/fzf/releases/assets/317036583"

[[tools.gh]]
version = "2.83.1"
backend = "aqua:cli/cli"

[tools.gh."platforms.linux-x64"]
checksum = "sha256:1c5252d4ce3db07b51c01ff0b909583da6364ff3fdc06d0c2e75e62dc0380a34"
url = "https://github.com/cli/cli/releases/download/v2.83.1/gh_2.83.1_linux_amd64.tar.gz"
url_api = "https://api.github.com/repos/cli/cli/releases/assets/316039187"
provenance = "github-attestations"

[tools.gh."platforms.linux-x64-baseline"]
checksum = "sha256:1c5252d4ce3db07b51c01ff0b909583da6364ff3fdc06d0c2e75e62dc0380a34"
url = "https://github.com/cli/cli/releases/download/v2.83.1/gh_2.83.1_linux_amd64.tar.gz"
url_api = "https://api.github.com/repos/cli/cli/releases/assets/316039187"
provenance = "github-attestations"

[tools.gh."platforms.linux-x64-musl"]
checksum = "sha256:1c5252d4ce3db07b51c01ff0b909583da6364ff3fdc06d0c2e75e62dc0380a34"
url = "https://github.com/cli/cli/releases/download/v2.83.1/gh_2.83.1_linux_amd64.tar.gz"
url_api = "https://api.github.com/repos/cli/cli/releases/assets/316039187"
provenance = "github-attestations"

[tools.gh."platforms.linux-x64-musl-baseline"]
checksum = "sha256:1c5252d4ce3db07b51c01ff0b909583da6364ff3fdc06d0c2e75e62dc0380a34"
url = "https://github.com/cli/cli/releases/download/v2.83.1/gh_2.83.1_linux_amd64.tar.gz"
url_api = "https://api.github.com/repos/cli/cli/releases/assets/316039187"
provenance = "github-attestations"

[tools.gh."platforms.macos-arm64"]
checksum = "sha256:4461a4f07cfdbeb83f96dce8d3789d5115b22185fb1a6fd3ec7f7befb755db0c"
url = "https://github.com/cli/cli/releases/download/v2.83.1/gh_2.83.1_macOS_arm64.zip"
url_api = "https://api.github.com/repos/cli/cli/releases/assets/316039208"
provenance = "github-attestations"

[[tools.ghq]]
version = "1.8.0"
backend = "aqua:x-motemen/ghq"

[tools.ghq."platforms.linux-x64"]
checksum = "sha1:f38219ddbc6ef6febd75556902eee4759bad07c3"
url = "https://github.com/x-motemen/ghq/releases/download/v1.8.0/ghq_linux_amd64.zip"
url_api = "https://api.github.com/repos/x-motemen/ghq/releases/assets/240669912"

[tools.ghq."platforms.linux-x64-baseline"]
checksum = "sha1:f38219ddbc6ef6febd75556902eee4759bad07c3"
url = "https://github.com/x-motemen/ghq/releases/download/v1.8.0/ghq_linux_amd64.zip"
url_api = "https://api.github.com/repos/x-motemen/ghq/releases/assets/240669912"

[tools.ghq."platforms.linux-x64-musl"]
checksum = "sha1:f38219ddbc6ef6febd75556902eee4759bad07c3"
url = "https://github.com/x-motemen/ghq/releases/download/v1.8.0/ghq_linux_amd64.zip"
url_api = "https://api.github.com/repos/x-motemen/ghq/releases/assets/240669912"

[tools.ghq."platforms.linux-x64-musl-baseline"]
checksum = "sha1:f38219ddbc6ef6febd75556902eee4759bad07c3"
url = "https://github.com/x-motemen/ghq/releases/download/v1.8.0/ghq_linux_amd64.zip"
url_api = "https://api.github.com/repos/x-motemen/ghq/releases/assets/240669912"

[tools.ghq."platforms.macos-arm64"]
checksum = "sha1:6fd6333348fdaf78dfbbe36cec168f3e656a63c8"
url = "https://github.com/x-motemen/ghq/releases/download/v1.8.0/ghq_darwin_arm64.zip"
url_api = "https://api.github.com/repos/x-motemen/ghq/releases/assets/240669901"

[[tools.glow]]
version = "2.1.2"
backend = "aqua:charmbracelet/glow"

[tools.glow."platforms.linux-x64"]
checksum = "sha256:6063d4f2af8a82a5f4bba0831e165de9381660aa8b41df4816d0106a265b07d5"
url = "https://github.com/charmbracelet/glow/releases/download/v2.1.2/glow_2.1.2_Linux_x86_64.tar.gz"
url_api = "https://api.github.com/repos/charmbracelet/glow/releases/assets/392672271"
provenance = "cosign"

[tools.glow."platforms.linux-x64-baseline"]
checksum = "sha256:6063d4f2af8a82a5f4bba0831e165de9381660aa8b41df4816d0106a265b07d5"
url = "https://github.com/charmbracelet/glow/releases/download/v2.1.2/glow_2.1.2_Linux_x86_64.tar.gz"
url_api = "https://api.github.com/repos/charmbracelet/glow/releases/assets/392672271"
provenance = "cosign"

[tools.glow."platforms.linux-x64-musl"]
checksum = "sha256:6063d4f2af8a82a5f4bba0831e165de9381660aa8b41df4816d0106a265b07d5"
url = "https://github.com/charmbracelet/glow/releases/download/v2.1.2/glow_2.1.2_Linux_x86_64.tar.gz"
url_api = "https://api.github.com/repos/charmbracelet/glow/releases/assets/392672271"
provenance = "cosign"

[tools.glow."platforms.linux-x64-musl-baseline"]
checksum = "sha256:6063d4f2af8a82a5f4bba0831e165de9381660aa8b41df4816d0106a265b07d5"
url = "https://github.com/charmbracelet/glow/releases/download/v2.1.2/glow_2.1.2_Linux_x86_64.tar.gz"
url_api = "https://api.github.com/repos/charmbracelet/glow/releases/assets/392672271"
provenance = "cosign"

[tools.glow."platforms.macos-arm64"]
checksum = "sha256:6f7abfb47de69fbf7b0e67d2fa019cc554916e8b6694f9877212be89fc7ebb8c"
url = "https://github.com/charmbracelet/glow/releases/download/v2.1.2/glow_2.1.2_Darwin_arm64.tar.gz"
url_api = "https://api.github.com/repos/charmbracelet/glow/releases/assets/392672279"
provenance = "cosign"

[[tools.go]]
version = "1.25.5"
backend = "core:go"

[tools.go."platforms.linux-x64"]
checksum = "sha256:9e9b755d63b36acf30c12a9a3fc379243714c1c6d3dd72861da637f336ebb35b"
url = "https://dl.google.com/go/go1.25.5.linux-amd64.tar.gz"

[tools.go."platforms.linux-x64-baseline"]
checksum = "sha256:9e9b755d63b36acf30c12a9a3fc379243714c1c6d3dd72861da637f336ebb35b"
url = "https://dl.google.com/go/go1.25.5.linux-amd64.tar.gz"

[tools.go."platforms.linux-x64-musl"]
checksum = "sha256:9e9b755d63b36acf30c12a9a3fc379243714c1c6d3dd72861da637f336ebb35b"
url = "https://dl.google.com/go/go1.25.5.linux-amd64.tar.gz"

[tools.go."platforms.linux-x64-musl-baseline"]
checksum = "sha256:9e9b755d63b36acf30c12a9a3fc379243714c1c6d3dd72861da637f336ebb35b"
url = "https://dl.google.com/go/go1.25.5.linux-amd64.tar.gz"

[tools.go."platforms.macos-arm64"]
checksum = "sha256:bed8ebe824e3d3b27e8471d1307f803fc6ab8e1d0eb7a4ae196979bd9b801dd3"
url = "https://dl.google.com/go/go1.25.5.darwin-arm64.tar.gz"

[[tools.graphite]]
version = "1.8.5"
backend = "github:withgraphite/homebrew-tap"

[tools.graphite."platforms.linux-x64"]
checksum = "sha256:c4580616de06a65cabb3df2e30def7bbdfe15fc113ff8f756a484fa0c1375355"
url = "https://github.com/withgraphite/homebrew-tap/releases/download/v1.8.5/gt-linux"
url_api = "https://api.github.com/repos/withgraphite/homebrew-tap/releases/assets/400942209"

[tools.graphite."platforms.linux-x64-baseline"]
checksum = "sha256:c4580616de06a65cabb3df2e30def7bbdfe15fc113ff8f756a484fa0c1375355"
url = "https://github.com/withgraphite/homebrew-tap/releases/download/v1.8.5/gt-linux"
url_api = "https://api.github.com/repos/withgraphite/homebrew-tap/releases/assets/400942209"

[tools.graphite."platforms.linux-x64-musl"]
checksum = "sha256:c4580616de06a65cabb3df2e30def7bbdfe15fc113ff8f756a484fa0c1375355"
url = "https://github.com/withgraphite/homebrew-tap/releases/download/v1.8.5/gt-linux"
url_api = "https://api.github.com/repos/withgraphite/homebrew-tap/releases/assets/400942209"

[tools.graphite."platforms.linux-x64-musl-baseline"]
checksum = "sha256:c4580616de06a65cabb3df2e30def7bbdfe15fc113ff8f756a484fa0c1375355"
url = "https://github.com/withgraphite/homebrew-tap/releases/download/v1.8.5/gt-linux"
url_api = "https://api.github.com/repos/withgraphite/homebrew-tap/releases/assets/400942209"

[tools.graphite."platforms.macos-arm64"]
checksum = "sha256:068ab202c4240a7b20168b25760e122c1fbec3c6ab4f22d3c4ace7d384683053"
url = "https://github.com/withgraphite/homebrew-tap/releases/download/v1.8.5/gt-macos-arm64"
url_api = "https://api.github.com/repos/withgraphite/homebrew-tap/releases/assets/400942163"

[[tools.jq]]
version = "1.8.1"
backend = "aqua:jqlang/jq"

[tools.jq."platforms.linux-x64"]
checksum = "sha256:020468de7539ce70ef1bceaf7cde2e8c4f2ca6c3afb84642aabc5c97d9fc2a0d"
url = "https://github.com/jqlang/jq/releases/download/jq-1.8.1/jq-linux-amd64"
url_api = "https://api.github.com/repos/jqlang/jq/releases/assets/268981484"
provenance = "github-attestations"

[tools.jq."platforms.linux-x64-baseline"]
checksum = "sha256:020468de7539ce70ef1bceaf7cde2e8c4f2ca6c3afb84642aabc5c97d9fc2a0d"
url = "https://github.com/jqlang/jq/releases/download/jq-1.8.1/jq-linux-amd64"
url_api = "https://api.github.com/repos/jqlang/jq/releases/assets/268981484"
provenance = "github-attestations"

[tools.jq."platforms.linux-x64-musl"]
checksum = "sha256:020468de7539ce70ef1bceaf7cde2e8c4f2ca6c3afb84642aabc5c97d9fc2a0d"
url = "https://github.com/jqlang/jq/releases/download/jq-1.8.1/jq-linux-amd64"
url_api = "https://api.github.com/repos/jqlang/jq/releases/assets/268981484"
provenance = "github-attestations"

[tools.jq."platforms.linux-x64-musl-baseline"]
checksum = "sha256:020468de7539ce70ef1bceaf7cde2e8c4f2ca6c3afb84642aabc5c97d9fc2a0d"
url = "https://github.com/jqlang/jq/releases/download/jq-1.8.1/jq-linux-amd64"
url_api = "https://api.github.com/repos/jqlang/jq/releases/assets/268981484"
provenance = "github-attestations"

[tools.jq."platforms.macos-arm64"]
checksum = "sha256:a9fe3ea2f86dfc72f6728417521ec9067b343277152b114f4e98d8cb0e263603"
url = "https://github.com/jqlang/jq/releases/download/jq-1.8.1/jq-macos-arm64"
url_api = "https://api.github.com/repos/jqlang/jq/releases/assets/268981506"
provenance = "github-attestations"

[[tools.lazydocker]]
version = "0.24.3"
backend = "aqua:jesseduffield/lazydocker"

[tools.lazydocker."platforms.linux-x64"]
checksum = "sha256:39f81a138fbd3290b5b78fa22d73793f856a2323b39241644c4fcc197718cdb4"
url = "https://github.com/jesseduffield/lazydocker/releases/download/v0.24.3/lazydocker_0.24.3_Linux_x86_64.tar.gz"
url_api = "https://api.github.com/repos/jesseduffield/lazydocker/releases/assets/330825731"

[tools.lazydocker."platforms.linux-x64-baseline"]
checksum = "sha256:39f81a138fbd3290b5b78fa22d73793f856a2323b39241644c4fcc197718cdb4"
url = "https://github.com/jesseduffield/lazydocker/releases/download/v0.24.3/lazydocker_0.24.3_Linux_x86_64.tar.gz"
url_api = "https://api.github.com/repos/jesseduffield/lazydocker/releases/assets/330825731"

[tools.lazydocker."platforms.linux-x64-musl"]
checksum = "sha256:39f81a138fbd3290b5b78fa22d73793f856a2323b39241644c4fcc197718cdb4"
url = "https://github.com/jesseduffield/lazydocker/releases/download/v0.24.3/lazydocker_0.24.3_Linux_x86_64.tar.gz"
url_api = "https://api.github.com/repos/jesseduffield/lazydocker/releases/assets/330825731"

[tools.lazydocker."platforms.linux-x64-musl-baseline"]
checksum = "sha256:39f81a138fbd3290b5b78fa22d73793f856a2323b39241644c4fcc197718cdb4"
url = "https://github.com/jesseduffield/lazydocker/releases/download/v0.24.3/lazydocker_0.24.3_Linux_x86_64.tar.gz"
url_api = "https://api.github.com/repos/jesseduffield/lazydocker/releases/assets/330825731"

[tools.lazydocker."platforms.macos-arm64"]
checksum = "sha256:685d1b24048f9958fbc7f5a7efea9c26d81a6164f432883079993253460e4879"
url = "https://github.com/jesseduffield/lazydocker/releases/download/v0.24.3/lazydocker_0.24.3_Darwin_arm64.tar.gz"
url_api = "https://api.github.com/repos/jesseduffield/lazydocker/releases/assets/330825719"

[[tools.lazygit]]
version = "0.57.0"
backend = "aqua:jesseduffield/lazygit"

[tools.lazygit."platforms.linux-x64"]
checksum = "sha256:ced011ecd1459d069c66128fbf172b7248c8b99d8983fa17d84a247a98146d5e"
url = "https://github.com/jesseduffield/lazygit/releases/download/v0.57.0/lazygit_0.57.0_linux_x86_64.tar.gz"
url_api = "https://api.github.com/repos/jesseduffield/lazygit/releases/assets/325142339"

[tools.lazygit."platforms.linux-x64-baseline"]
checksum = "sha256:ced011ecd1459d069c66128fbf172b7248c8b99d8983fa17d84a247a98146d5e"
url = "https://github.com/jesseduffield/lazygit/releases/download/v0.57.0/lazygit_0.57.0_linux_x86_64.tar.gz"
url_api = "https://api.github.com/repos/jesseduffield/lazygit/releases/assets/325142339"

[tools.lazygit."platforms.linux-x64-musl"]
checksum = "sha256:ced011ecd1459d069c66128fbf172b7248c8b99d8983fa17d84a247a98146d5e"
url = "https://github.com/jesseduffield/lazygit/releases/download/v0.57.0/lazygit_0.57.0_linux_x86_64.tar.gz"
url_api = "https://api.github.com/repos/jesseduffield/lazygit/releases/assets/325142339"

[tools.lazygit."platforms.linux-x64-musl-baseline"]
checksum = "sha256:ced011ecd1459d069c66128fbf172b7248c8b99d8983fa17d84a247a98146d5e"
url = "https://github.com/jesseduffield/lazygit/releases/download/v0.57.0/lazygit_0.57.0_linux_x86_64.tar.gz"
url_api = "https://api.github.com/repos/jesseduffield/lazygit/releases/assets/325142339"

[tools.lazygit."platforms.macos-arm64"]
checksum = "sha256:e90dd90c37bb012f1fe708e7f3d32d28747c8638c75a45268734c5e33277c3d0"
url = "https://github.com/jesseduffield/lazygit/releases/download/v0.57.0/lazygit_0.57.0_darwin_arm64.tar.gz"
url_api = "https://api.github.com/repos/jesseduffield/lazygit/releases/assets/325142338"

[[tools.lua-language-server]]
version = "3.16.2"
backend = "aqua:LuaLS/lua-language-server"

[tools.lua-language-server."platforms.linux-x64"]
checksum = "sha256:ea1ff1f1660a5563ca7941afb880ab31da125727c963df6d4662e29d8da9f806"
url = "https://github.com/LuaLS/lua-language-server/releases/download/3.16.2/lua-language-server-3.16.2-linux-x64.tar.gz"
url_api = "https://api.github.com/repos/LuaLS/lua-language-server/releases/assets/330120141"

[tools.lua-language-server."platforms.linux-x64-baseline"]
checksum = "sha256:ea1ff1f1660a5563ca7941afb880ab31da125727c963df6d4662e29d8da9f806"
url = "https://github.com/LuaLS/lua-language-server/releases/download/3.16.2/lua-language-server-3.16.2-linux-x64.tar.gz"
url_api = "https://api.github.com/repos/LuaLS/lua-language-server/releases/assets/330120141"

[tools.lua-language-server."platforms.linux-x64-musl"]
checksum = "sha256:ea1ff1f1660a5563ca7941afb880ab31da125727c963df6d4662e29d8da9f806"
url = "https://github.com/LuaLS/lua-language-server/releases/download/3.16.2/lua-language-server-3.16.2-linux-x64.tar.gz"
url_api = "https://api.github.com/repos/LuaLS/lua-language-server/releases/assets/330120141"

[tools.lua-language-server."platforms.linux-x64-musl-baseline"]
checksum = "sha256:ea1ff1f1660a5563ca7941afb880ab31da125727c963df6d4662e29d8da9f806"
url = "https://github.com/LuaLS/lua-language-server/releases/download/3.16.2/lua-language-server-3.16.2-linux-x64.tar.gz"
url_api = "https://api.github.com/repos/LuaLS/lua-language-server/releases/assets/330120141"

[tools.lua-language-server."platforms.macos-arm64"]
checksum = "sha256:c7cf81249824f54f28483c398fcd0436dc29c363bc8247f506f96ff4b8ca107f"
url = "https://github.com/LuaLS/lua-language-server/releases/download/3.16.2/lua-language-server-3.16.2-darwin-arm64.tar.gz"
url_api = "https://api.github.com/repos/LuaLS/lua-language-server/releases/assets/330120186"

[[tools.node]]
version = "24.3.0"
backend = "core:node"

[tools.node."platforms.linux-x64"]
checksum = "sha256:bbeb5fb8113b44fc30f5a5887dbc0ab66af8e56139f5f9fbe7c7a1aa056246dc"
url = "https://nodejs.org/dist/v24.3.0/node-v24.3.0-linux-x64.tar.gz"

[tools.node."platforms.linux-x64-baseline"]
checksum = "sha256:bbeb5fb8113b44fc30f5a5887dbc0ab66af8e56139f5f9fbe7c7a1aa056246dc"
url = "https://nodejs.org/dist/v24.3.0/node-v24.3.0-linux-x64.tar.gz"

[tools.node."platforms.linux-x64-musl"]
checksum = "sha256:fa18a69a6b8b2a5a6accdc9e477a152994f5b799cca6acb8f6a30d8bed0dcb1c"
url = "https://unofficial-builds.nodejs.org/download/release/v24.3.0/node-v24.3.0-linux-x64-musl.tar.gz"

[tools.node."platforms.linux-x64-musl-baseline"]
checksum = "sha256:fa18a69a6b8b2a5a6accdc9e477a152994f5b799cca6acb8f6a30d8bed0dcb1c"
url = "https://unofficial-builds.nodejs.org/download/release/v24.3.0/node-v24.3.0-linux-x64-musl.tar.gz"

[tools.node."platforms.macos-arm64"]
checksum = "sha256:fee91aa5febeda47ef9f6c0afd2f2bcd3dacb0e656c29de0b5274e0ea1ca3565"
url = "https://nodejs.org/dist/v24.3.0/node-v24.3.0-darwin-arm64.tar.gz"

[[tools."npm:@openai/codex"]]
version = "0.159.0"
backend = "npm:@openai/codex"

[[tools.pnpm]]
version = "12.8.1"
backend = "aqua:pnpm/pnpm"

[tools.pnpm."platforms.linux-x64"]
checksum = "sha256:db3906881f63e41b655e3b97d473603dc26326c2470d0b1b8083689e1bcbd1e8"
url = "https://github.com/pnpm/pnpm/releases/download/v12.8.1/pnpm-linux-x64.tar.gz"
url_api = "https://api.github.com/repos/pnpm/pnpm/releases/assets/595935887"
provenance = "github-attestations"

[tools.pnpm."platforms.linux-x64-baseline"]
checksum = "sha256:db3906881f63e41b655e3b97d473603dc26326c2470d0b1b8083689e1bcbd1e8"
url = "https://github.com/pnpm/pnpm/releases/download/v12.8.1/pnpm-linux-x64.tar.gz"
url_api = "https://api.github.com/repos/pnpm/pnpm/releases/assets/595935887"
provenance = "github-attestations"

[tools.pnpm."platforms.linux-x64-musl"]
checksum = "sha256:f0a2db13d0a1b63c0053a5ddcfbf5c454b040e7ef54ca8771750e2cb55b86693"
url = "https://github.com/pnpm/pnpm/releases/download/v12.8.1/pnpm-linux-x64-musl.tar.gz"
url_api = "https://api.github.com/repos/pnpm/pnpm/releases/assets/595935901"
provenance = "github-attestations"

[tools.pnpm."platforms.linux-x64-musl-baseline"]
checksum = "sha256:f0a2db13d0a1b63c0053a5ddcfbf5c454b040e7ef54ca8771750e2cb55b86693"
url = "https://github.com/pnpm/pnpm/releases/download/v12.8.1/pnpm-linux-x64-musl.tar.gz"
url_api = "https://api.github.com/repos/pnpm/pnpm/releases/assets/595935901"
provenance = "github-attestations"

[tools.pnpm."platforms.macos-arm64"]
checksum = "sha256:8eeeae4cd714b2f1755750d303f5b1bcfe23d95ed7245536305d0c3877c5ce41"
url = "https://github.com/pnpm/pnpm/releases/download/v12.8.1/pnpm-darwin-arm64.tar.gz"
url_api = "https://api.github.com/repos/pnpm/pnpm/releases/assets/595935883"
provenance = "github-attestations"

[[tools.rclone]]
version = "1.75.1"
backend = "aqua:rclone/rclone"

[tools.rclone."platforms.linux-x64"]
checksum = "sha256:982b5aa772841168f8e380f139e9e787b2a105403e32b94da8676a0e1c0a13ab"
url = "https://github.com/rclone/rclone/releases/download/v1.75.1/rclone-v1.75.1-linux-amd64.zip"
url_api = "https://api.github.com/repos/rclone/rclone/releases/assets/544638482"

[tools.rclone."platforms.linux-x64-baseline"]
checksum = "sha256:982b5aa772841168f8e380f139e9e787b2a105403e32b94da8676a0e1c0a13ab"
url = "https://github.com/rclone/rclone/releases/download/v1.75.1/rclone-v1.75.1-linux-amd64.zip"
url_api = "https://api.github.com/repos/rclone/rclone/releases/assets/544638482"

[tools.rclone."platforms.linux-x64-musl"]
checksum = "sha256:982b5aa772841168f8e380f139e9e787b2a105403e32b94da8676a0e1c0a13ab"
url = "https://github.com/rclone/rclone/releases/download/v1.75.1/rclone-v1.75.1-linux-amd64.zip"
url_api = "https://api.github.com/repos/rclone/rclone/releases/assets/544638482"

[tools.rclone."platforms.linux-x64-musl-baseline"]
checksum = "sha256:982b5aa772841168f8e380f139e9e787b2a105403e32b94da8676a0e1c0a13ab"
url = "https://github.com/rclone/rclone/releases/download/v1.75.1/rclone-v1.75.1-linux-amd64.zip"
url_api = "https://api.github.com/repos/rclone/rclone/releases/assets/544638482"

[tools.rclone."platforms.macos-arm64"]
checksum = "sha256:c61d7a371c62bcbbe882c3423aa4b8bf63485c248dd0f692997b8f0c3f6d0c6f"
url = "https://github.com/rclone/rclone/releases/download/v1.75.1/rclone-v1.75.1-osx-arm64.zip"
url_api = "https://api.github.com/repos/rclone/rclone/releases/assets/544645575"

[[tools.rg]]
version = "15.1.0"
backend = "aqua:BurntSushi/ripgrep"

[tools.rg."platforms.linux-x64"]
checksum = "sha256:1c9297be4a084eea7ecaedf93eb03d058d6faae29bbc57ecdaf5063921491599"
url = "https://github.com/BurntSushi/ripgrep/releases/download/15.1.0/ripgrep-15.1.0-x86_64-unknown-linux-musl.tar.gz"
url_api = "https://api.github.com/repos/BurntSushi/ripgrep/releases/assets/307306614"

[tools.rg."platforms.linux-x64-baseline"]
checksum = "sha256:1c9297be4a084eea7ecaedf93eb03d058d6faae29bbc57ecdaf5063921491599"
url = "https://github.com/BurntSushi/ripgrep/releases/download/15.1.0/ripgrep-15.1.0-x86_64-unknown-linux-musl.tar.gz"
url_api = "https://api.github.com/repos/BurntSushi/ripgrep/releases/assets/307306614"

[tools.rg."platforms.linux-x64-musl"]
checksum = "sha256:1c9297be4a084eea7ecaedf93eb03d058d6faae29bbc57ecdaf5063921491599"
url = "https://github.com/BurntSushi/ripgrep/releases/download/15.1.0/ripgrep-15.1.0-x86_64-unknown-linux-musl.tar.gz"
url_api = "https://api.github.com/repos/BurntSushi/ripgrep/releases/assets/307306614"

[tools.rg."platforms.linux-x64-musl-baseline"]
checksum = "sha256:1c9297be4a084eea7ecaedf93eb03d058d6faae29bbc57ecdaf5063921491599"
url = "https://github.com/BurntSushi/ripgrep/releases/download/15.1.0/ripgrep-15.1.0-x86_64-unknown-linux-musl.tar.gz"
url_api = "https://api.github.com/repos/BurntSushi/ripgrep/releases/assets/307306614"

[tools.rg."platforms.macos-arm64"]
checksum = "sha256:378e973289176ca0c6054054ee7f631a065874a352bf43f0fa60ef079b6ba715"
url = "https://github.com/BurntSushi/ripgrep/releases/download/15.1.0/ripgrep-15.1.0-aarch64-apple-darwin.tar.gz"
url_api = "https://api.github.com/repos/BurntSushi/ripgrep/releases/assets/307305438"

[[tools.ruff]]
version = "0.14.9"
backend = "aqua:astral-sh/ruff"

[tools.ruff."platforms.linux-x64"]
checksum = "sha256:3bdbdb32f95bcf2c5bc45502a2050f30706f1c205fa0087ee3d4c688f67854fc"
url = "https://github.com/astral-sh/ruff/releases/download/0.14.9/ruff-x86_64-unknown-linux-musl.tar.gz"
url_api = "https://api.github.com/repos/astral-sh/ruff/releases/assets/327554876"

[tools.ruff."platforms.linux-x64-baseline"]
checksum = "sha256:3bdbdb32f95bcf2c5bc45502a2050f30706f1c205fa0087ee3d4c688f67854fc"
url = "https://github.com/astral-sh/ruff/releases/download/0.14.9/ruff-x86_64-unknown-linux-musl.tar.gz"
url_api = "https://api.github.com/repos/astral-sh/ruff/releases/assets/327554876"

[tools.ruff."platforms.linux-x64-musl"]
checksum = "sha256:3bdbdb32f95bcf2c5bc45502a2050f30706f1c205fa0087ee3d4c688f67854fc"
url = "https://github.com/astral-sh/ruff/releases/download/0.14.9/ruff-x86_64-unknown-linux-musl.tar.gz"
url_api = "https://api.github.com/repos/astral-sh/ruff/releases/assets/327554876"

[tools.ruff."platforms.linux-x64-musl-baseline"]
checksum = "sha256:3bdbdb32f95bcf2c5bc45502a2050f30706f1c205fa0087ee3d4c688f67854fc"
url = "https://github.com/astral-sh/ruff/releases/download/0.14.9/ruff-x86_64-unknown-linux-musl.tar.gz"
url_api = "https://api.github.com/repos/astral-sh/ruff/releases/assets/327554876"

[tools.ruff."platforms.macos-arm64"]
checksum = "sha256:ea132e6d6af23dbcf21c81d7fd8c5a94ccf16b1fb36a8bc60da971e339301f10"
url = "https://github.com/astral-sh/ruff/releases/download/0.14.9/ruff-aarch64-apple-darwin.tar.gz"
url_api = "https://api.github.com/repos/astral-sh/ruff/releases/assets/327554826"

[[tools.rust-analyzer]]
version = "2025-12-15"
backend = "aqua:rust-lang/rust-analyzer"

[tools.rust-analyzer."platforms.linux-x64"]
checksum = "sha256:b65a455ab90719f52c77aab821cd52f2006dcc2cf85cb1109174dea1e198c630"
url = "https://github.com/rust-lang/rust-analyzer/releases/download/2025-12-15/rust-analyzer-x86_64-unknown-linux-gnu.gz"
url_api = "https://api.github.com/repos/rust-lang/rust-analyzer/releases/assets/328829973"

[tools.rust-analyzer."platforms.linux-x64-baseline"]
checksum = "sha256:b65a455ab90719f52c77aab821cd52f2006dcc2cf85cb1109174dea1e198c630"
url = "https://github.com/rust-lang/rust-analyzer/releases/download/2025-12-15/rust-analyzer-x86_64-unknown-linux-gnu.gz"
url_api = "https://api.github.com/repos/rust-lang/rust-analyzer/releases/assets/328829973"

[tools.rust-analyzer."platforms.linux-x64-musl"]
checksum = "sha256:41965070c20864b59bf4d1aab0d3af6f0d9a9f424d24907f95aa4db0f139badc"
url = "https://github.com/rust-lang/rust-analyzer/releases/download/2025-12-15/rust-analyzer-x86_64-unknown-linux-musl.gz"
url_api = "https://api.github.com/repos/rust-lang/rust-analyzer/releases/assets/328829977"

[tools.rust-analyzer."platforms.linux-x64-musl-baseline"]
checksum = "sha256:41965070c20864b59bf4d1aab0d3af6f0d9a9f424d24907f95aa4db0f139badc"
url = "https://github.com/rust-lang/rust-analyzer/releases/download/2025-12-15/rust-analyzer-x86_64-unknown-linux-musl.gz"
url_api = "https://api.github.com/repos/rust-lang/rust-analyzer/releases/assets/328829977"

[tools.rust-analyzer."platforms.macos-arm64"]
checksum = "sha256:95bb37b5b98a1892703224e0eec1fcccbc6725731a5d636d2ab1726fe0e9c0ed"
url = "https://github.com/rust-lang/rust-analyzer/releases/download/2025-12-15/rust-analyzer-aarch64-apple-darwin.gz"
url_api = "https://api.github.com/repos/rust-lang/rust-analyzer/releases/assets/328829877"

[[tools.stylua]]
version = "2.3.1"
backend = "aqua:JohnnyMorganz/StyLua"

[tools.stylua."platforms.linux-x64"]
checksum = "sha256:1b3ca3f577e584e19a0ad2264a0ab87f4133818e35700a094416ca98251ffb4a"
url = "https://github.com/JohnnyMorganz/StyLua/releases/download/v2.3.1/stylua-linux-x86_64-musl.zip"
url_api = "https://api.github.com/repos/JohnnyMorganz/StyLua/releases/assets/311297698"

[tools.stylua."platforms.linux-x64-baseline"]
checksum = "sha256:1b3ca3f577e584e19a0ad2264a0ab87f4133818e35700a094416ca98251ffb4a"
url = "https://github.com/JohnnyMorganz/StyLua/releases/download/v2.3.1/stylua-linux-x86_64-musl.zip"
url_api = "https://api.github.com/repos/JohnnyMorganz/StyLua/releases/assets/311297698"

[tools.stylua."platforms.linux-x64-musl"]
checksum = "sha256:1b3ca3f577e584e19a0ad2264a0ab87f4133818e35700a094416ca98251ffb4a"
url = "https://github.com/JohnnyMorganz/StyLua/releases/download/v2.3.1/stylua-linux-x86_64-musl.zip"
url_api = "https://api.github.com/repos/JohnnyMorganz/StyLua/releases/assets/311297698"

[tools.stylua."platforms.linux-x64-musl-baseline"]
checksum = "sha256:1b3ca3f577e584e19a0ad2264a0ab87f4133818e35700a094416ca98251ffb4a"
url = "https://github.com/JohnnyMorganz/StyLua/releases/download/v2.3.1/stylua-linux-x86_64-musl.zip"
url_api = "https://api.github.com/repos/JohnnyMorganz/StyLua/releases/assets/311297698"

[tools.stylua."platforms.macos-arm64"]
checksum = "sha256:e212e6c21e76c2b1d0f10f8dcf50ec3b5f03f02da7597e0679f539eb18ba0d53"
url = "https://github.com/JohnnyMorganz/StyLua/releases/download/v2.3.1/stylua-macos-aarch64.zip"
url_api = "https://api.github.com/repos/JohnnyMorganz/StyLua/releases/assets/311297797"

[[tools.temporal]]
version = "1.29.1"
backend = "aqua:temporalio/temporal"

[tools.temporal."platforms.linux-x64"]
checksum = "sha256:a5df05c0387054e50bbbc1c21cc491644f21ca917eee58baf58df120f2bd3e78"
url = "https://github.com/temporalio/temporal/releases/download/v1.29.1/temporal_1.29.1_linux_amd64.tar.gz"
url_api = "https://api.github.com/repos/temporalio/temporal/releases/assets/310308250"

[tools.temporal."platforms.linux-x64-baseline"]
checksum = "sha256:a5df05c0387054e50bbbc1c21cc491644f21ca917eee58baf58df120f2bd3e78"
url = "https://github.com/temporalio/temporal/releases/download/v1.29.1/temporal_1.29.1_linux_amd64.tar.gz"
url_api = "https://api.github.com/repos/temporalio/temporal/releases/assets/310308250"

[tools.temporal."platforms.linux-x64-musl"]
checksum = "sha256:a5df05c0387054e50bbbc1c21cc491644f21ca917eee58baf58df120f2bd3e78"
url = "https://github.com/temporalio/temporal/releases/download/v1.29.1/temporal_1.29.1_linux_amd64.tar.gz"
url_api = "https://api.github.com/repos/temporalio/temporal/releases/assets/310308250"

[tools.temporal."platforms.linux-x64-musl-baseline"]
checksum = "sha256:a5df05c0387054e50bbbc1c21cc491644f21ca917eee58baf58df120f2bd3e78"
url = "https://github.com/temporalio/temporal/releases/download/v1.29.1/temporal_1.29.1_linux_amd64.tar.gz"
url_api = "https://api.github.com/repos/temporalio/temporal/releases/assets/310308250"

[tools.temporal."platforms.macos-arm64"]
checksum = "sha256:11a35d0672ba252f19c7e5245257a36a77ffff4d2e655f3c82e7066fbce34e34"
url = "https://github.com/temporalio/temporal/releases/download/v1.29.1/temporal_1.29.1_darwin_arm64.tar.gz"
url_api = "https://api.github.com/repos/temporalio/temporal/releases/assets/310308248"

[[tools.yarn]]
version = "4.12.0"
backend = "vfox:yarn"
